
Microsoft Visual Studio Solution File, Format Version 12.00
# Visual Studio Version 17
VisualStudioVersion = 17.0.32014.148
MinimumVisualStudioVersion = 10.0.40219.1
Project("{FAE04EC0-301F-11D3-BF4B-00C04F79EFBC}") = "AutomacaoAltoroJRestAPI", "AutomacaoAltoroJRestAPI.csproj", "{504062D4-D9F1-4DC7-8A2C-CDA1B24C6CA9}"
EndProject
Global
	GlobalSection(SolutionConfigurationPlatforms) = preSolution
		Debug|Any CPU = Debug|Any CPU
		Release|Any CPU = Release|Any CPU
	EndGlobalSection
	GlobalSection(ProjectConfigurationPlatforms) = postSolution
		{504062D4-D9F1-4DC7-8A2C-CDA1B24C6CA9}.Debug|Any CPU.ActiveCfg = Debug|Any CPU
		{504062D4-D9F1-4DC7-8A2C-CDA1B24C6CA9}.Debug|Any CPU.Build.0 = Debug|Any CPU
		{504062D4-D9F1-4DC7-8A2C-CDA1B24C6CA9}.Release|Any CPU.ActiveCfg = Release|Any CPU
		{504062D4-D9F1-4DC7-8A2C-CDA1B24C6CA9}.Release|Any CPU.Build.0 = Release|Any CPU
	EndGlobalSection
	GlobalSection(SolutionProperties) = preSolution
		HideSolutionNode = FALSE
	EndGlobalSection
	GlobalSection(ExtensibilityGlobals) = postSolution
		SolutionGuid = {FA18EC97-7728-46B8-8D5D-C654F74AE642}
	EndGlobalSection
EndGlobal
